
Microsoft Visual Studio Solution File, Format Version 12.00
# Visual Studio Version 17
VisualStudioVersion = 17.0.32112.339
MinimumVisualStudioVersion = 10.0.40219.1
Project("{9A19103F-16F7-4668-BE54-9A1E7A4F7556}") = "TelebidTask.API", "TelebidTask.API\TelebidTask.API.csproj", "{671788EB-B0EE-49ED-8C74-1A1179F284B9}"
EndProject
Project("{9A19103F-16F7-4668-BE54-9A1E7A4F7556}") = "TelebidTask.Data", "TelebidTask.Data\TelebidTask.Data.csproj", "{E3BB3659-ADE0-43CA-9727-B2A9046515C3}"
EndProject
Project("{FAE04EC0-301F-11D3-BF4B-00C04F79EFBC}") = "TelebidTasks.Services", "TelebidTasks.Services\TelebidTasks.Services.csproj", "{0A3C1D75-1A84-45A4-8204-D8776A536BC8}"
EndProject
Global
	GlobalSection(SolutionConfigurationPlatforms) = preSolution
		Debug|Any CPU = Debug|Any CPU
		Release|Any CPU = Release|Any CPU
	EndGlobalSection
	GlobalSection(ProjectConfigurationPlatforms) = postSolution
		{671788EB-B0EE-49ED-8C74-1A1179F284B9}.Debug|Any CPU.ActiveCfg = Debug|Any CPU
		{671788EB-B0EE-49ED-8C74-1A1179F284B9}.Debug|Any CPU.Build.0 = Debug|Any CPU
		{671788EB-B0EE-49ED-8C74-1A1179F284B9}.Release|Any CPU.ActiveCfg = Release|Any CPU
		{671788EB-B0EE-49ED-8C74-1A1179F284B9}.Release|Any CPU.Build.0 = Release|Any CPU
		{E3BB3659-ADE0-43CA-9727-B2A9046515C3}.Debug|Any CPU.ActiveCfg = Debug|Any CPU
		{E3BB3659-ADE0-43CA-9727-B2A9046515C3}.Debug|Any CPU.Build.0 = Debug|Any CPU
		{E3BB3659-ADE0-43CA-9727-B2A9046515C3}.Release|Any CPU.ActiveCfg = Release|Any CPU
		{E3BB3659-ADE0-43CA-9727-B2A9046515C3}.Release|Any CPU.Build.0 = Release|Any CPU
		{0A3C1D75-1A84-45A4-8204-D8776A536BC8}.Debug|Any CPU.ActiveCfg = Debug|Any CPU
		{0A3C1D75-1A84-45A4-8204-D8776A536BC8}.Debug|Any CPU.Build.0 = Debug|Any CPU
		{0A3C1D75-1A84-45A4-8204-D8776A536BC8}.Release|Any CPU.ActiveCfg = Release|Any CPU
		{0A3C1D75-1A84-45A4-8204-D8776A536BC8}.Release|Any CPU.Build.0 = Release|Any CPU
	EndGlobalSection
	GlobalSection(SolutionProperties) = preSolution
		HideSolutionNode = FALSE
	EndGlobalSection
	GlobalSection(ExtensibilityGlobals) = postSolution
		SolutionGuid = {253F881A-3D6B-4BC1-AF9F-7C07A017D371}
	EndGlobalSection
EndGlobal
